
Microsoft Visual Studio Solution File, Format Version 12.00
# Visual Studio Version 17
VisualStudioVersion = 17.14.36109.1 d17.14
MinimumVisualStudioVersion = 10.0.40219.1
Project("{FAE04EC0-301F-11D3-BF4B-00C04F79EFBC}") = "GoldSearchWebApp1", "GoldSearchWebApp1\GoldSearchWebApp1.csproj", "{A9C6FAC6-A5DE-40FB-B5DD-9D2CFBB627E6}"
EndProject
Global
	GlobalSection(SolutionConfigurationPlatforms) = preSolution
		Debug|Any CPU = Debug|Any CPU
		Release|Any CPU = Release|Any CPU
	EndGlobalSection
	GlobalSection(ProjectConfigurationPlatforms) = postSolution
		{A9C6FAC6-A5DE-40FB-B5DD-9D2CFBB627E6}.Debug|Any CPU.ActiveCfg = Debug|Any CPU
		{A9C6FAC6-A5DE-40FB-B5DD-9D2CFBB627E6}.Debug|Any CPU.Build.0 = Debug|Any CPU
		{A9C6FAC6-A5DE-40FB-B5DD-9D2CFBB627E6}.Release|Any CPU.ActiveCfg = Release|Any CPU
		{A9C6FAC6-A5DE-40FB-B5DD-9D2CFBB627E6}.Release|Any CPU.Build.0 = Release|Any CPU
	EndGlobalSection
	GlobalSection(SolutionProperties) = preSolution
		HideSolutionNode = FALSE
	EndGlobalSection
	GlobalSection(ExtensibilityGlobals) = postSolution
		SolutionGuid = {A19BD402-F80C-4E9B-9D6F-B42ED61314B4}
	EndGlobalSection
EndGlobal
